
Microsoft Visual Studio Solution File, Format Version 12.00
# Visual Studio 14
VisualStudioVersion = 14.0.25420.1
MinimumVisualStudioVersion = 10.0.40219.1
Project("{2150E333-8FDC-42A3-9474-1A3956D46DE8}") = "UI", "UI", "{F5DD4E70-DC66-4688-9FE8-31115C48817E}"
EndProject
Project("{2150E333-8FDC-42A3-9474-1A3956D46DE8}") = "Core", "Core", "{01C1B850-CB35-4D5B-A46A-97B37D7DB743}"
EndProject
Project("{2150E333-8FDC-42A3-9474-1A3956D46DE8}") = "1-Lib", "1-Lib", "{41624BDC-022E-4D70-8D5A-B3EEE1DF6B6E}"
	ProjectSection(SolutionItems) = preProject
		1-Lib\CSkin.dll = 1-Lib\CSkin.dll
		1-Lib\DMSkin.dll = 1-Lib\DMSkin.dll
		1-Lib\ServiceStack.Common.dll = 1-Lib\ServiceStack.Common.dll
		1-Lib\ServiceStack.Interfaces.dll = 1-Lib\ServiceStack.Interfaces.dll
		1-Lib\ServiceStack.OrmLite.dll = 1-Lib\ServiceStack.OrmLite.dll
		1-Lib\ServiceStack.OrmLite.Sqlite.Windows.dll = 1-Lib\ServiceStack.OrmLite.Sqlite.Windows.dll
		1-Lib\ServiceStack.Text.dll = 1-Lib\ServiceStack.Text.dll
		1-Lib\System.Data.SQLite.dll = 1-Lib\System.Data.SQLite.dll
	EndProjectSection
EndProject
Project("{FAE04EC0-301F-11D3-BF4B-00C04F79EFBC}") = "Anchi.ERP.Service", "Core\Anchi.ERP.Service\Anchi.ERP.Service.csproj", "{81E13CEE-E674-43AE-9F38-A65DEC4EAA75}"
EndProject
Project("{FAE04EC0-301F-11D3-BF4B-00C04F79EFBC}") = "Anchi.ERP.Domain", "Core\Anchi.ERP.Domain\Anchi.ERP.Domain.csproj", "{883B8B78-9C4E-434C-96C4-7DB09A0B279F}"
EndProject
Project("{2150E333-8FDC-42A3-9474-1A3956D46DE8}") = "2-Doc", "2-Doc", "{93F63CB6-56EC-4E3B-A306-8C873DDDACDE}"
	ProjectSection(SolutionItems) = preProject
		2-Doc\AnchiERP.db3 = 2-Doc\AnchiERP.db3
		2-Doc\Create.sql = 2-Doc\Create.sql
	EndProjectSection
EndProject
Project("{FAE04EC0-301F-11D3-BF4B-00C04F79EFBC}") = "Anchi.ERP.Common", "Core\Anchi.ERP.Common\Anchi.ERP.Common.csproj", "{08BF546B-FAB8-4086-A0AC-76BD114F46F3}"
EndProject
Project("{FAE04EC0-301F-11D3-BF4B-00C04F79EFBC}") = "Anchi.ERP.UI.Web", "UI\Anchi.ERP.UI.Web\Anchi.ERP.UI.Web.csproj", "{2EDA8F19-6561-4834-84DE-2C77BE5AB250}"
EndProject
Project("{FAE04EC0-301F-11D3-BF4B-00C04F79EFBC}") = "Anchi.ERP.UI.WinForm", "UI\Anchi.ERP.UI.WinForm\Anchi.ERP.UI.WinForm.csproj", "{35AAB188-D01F-46AC-8800-BCF3E6D2D8BD}"
EndProject
Project("{FAE04EC0-301F-11D3-BF4B-00C04F79EFBC}") = "Anchi.ERP.ServiceModel", "Core\Anchi.ERP.ServiceModel\Anchi.ERP.ServiceModel.csproj", "{6B84B34C-889E-4281-8246-BD26273FEF55}"
EndProject
Project("{2150E333-8FDC-42A3-9474-1A3956D46DE8}") = "Test", "Test", "{B584AB18-5B78-42F7-A9E1-1661444AD3AA}"
EndProject
Project("{FAE04EC0-301F-11D3-BF4B-00C04F79EFBC}") = "TestConsole", "Test\TestConsole\TestConsole.csproj", "{F0B6FB24-A88B-425B-9DAF-7A9E22BC0804}"
EndProject
Project("{FAE04EC0-301F-11D3-BF4B-00C04F79EFBC}") = "Anchi.ERP.IRepository", "Core\Anchi.ERP.IRespository\Anchi.ERP.IRepository.csproj", "{6E7B3112-1B88-494D-A8F0-807F1DD13E50}"
EndProject
Project("{2150E333-8FDC-42A3-9474-1A3956D46DE8}") = "SQLite.Interop", "SQLite.Interop", "{3E6F079D-4E2F-4B17-974D-B51B74840286}"
EndProject
Project("{2150E333-8FDC-42A3-9474-1A3956D46DE8}") = "x64", "x64", "{C1C3A8F0-6A5B-4C34-8EDD-F95AF27F6287}"
	ProjectSection(SolutionItems) = preProject
		1-Lib\SQLite.Interop\x64\SQLite.Interop.dll = 1-Lib\SQLite.Interop\x64\SQLite.Interop.dll
	EndProjectSection
EndProject
Project("{2150E333-8FDC-42A3-9474-1A3956D46DE8}") = "x86", "x86", "{A53FDEF4-FE69-41B1-8808-2C1EE41C4AEE}"
	ProjectSection(SolutionItems) = preProject
		1-Lib\SQLite.Interop\x86\SQLite.Interop.dll = 1-Lib\SQLite.Interop\x86\SQLite.Interop.dll
	EndProjectSection
EndProject
Project("{FAE04EC0-301F-11D3-BF4B-00C04F79EFBC}") = "Anchi.ERP.Repository", "Core\Anchi.ERP.Repository\Anchi.ERP.Repository.csproj", "{C8F3482D-76B7-444E-A7FD-FE5ABFD8DFC0}"
EndProject
Global
	GlobalSection(SolutionConfigurationPlatforms) = preSolution
		Debug|Any CPU = Debug|Any CPU
		Release|Any CPU = Release|Any CPU
	EndGlobalSection
	GlobalSection(ProjectConfigurationPlatforms) = postSolution
		{81E13CEE-E674-43AE-9F38-A65DEC4EAA75}.Debug|Any CPU.ActiveCfg = Debug|Any CPU
		{81E13CEE-E674-43AE-9F38-A65DEC4EAA75}.Debug|Any CPU.Build.0 = Debug|Any CPU
		{81E13CEE-E674-43AE-9F38-A65DEC4EAA75}.Release|Any CPU.ActiveCfg = Release|Any CPU
		{81E13CEE-E674-43AE-9F38-A65DEC4EAA75}.Release|Any CPU.Build.0 = Release|Any CPU
		{883B8B78-9C4E-434C-96C4-7DB09A0B279F}.Debug|Any CPU.ActiveCfg = Debug|Any CPU
		{883B8B78-9C4E-434C-96C4-7DB09A0B279F}.Debug|Any CPU.Build.0 = Debug|Any CPU
		{883B8B78-9C4E-434C-96C4-7DB09A0B279F}.Release|Any CPU.ActiveCfg = Release|Any CPU
		{883B8B78-9C4E-434C-96C4-7DB09A0B279F}.Release|Any CPU.Build.0 = Release|Any CPU
		{08BF546B-FAB8-4086-A0AC-76BD114F46F3}.Debug|Any CPU.ActiveCfg = Debug|Any CPU
		{08BF546B-FAB8-4086-A0AC-76BD114F46F3}.Debug|Any CPU.Build.0 = Debug|Any CPU
		{08BF546B-FAB8-4086-A0AC-76BD114F46F3}.Release|Any CPU.ActiveCfg = Release|Any CPU
		{08BF546B-FAB8-4086-A0AC-76BD114F46F3}.Release|Any CPU.Build.0 = Release|Any CPU
		{2EDA8F19-6561-4834-84DE-2C77BE5AB250}.Debug|Any CPU.ActiveCfg = Debug|Any CPU
		{2EDA8F19-6561-4834-84DE-2C77BE5AB250}.Debug|Any CPU.Build.0 = Debug|Any CPU
		{2EDA8F19-6561-4834-84DE-2C77BE5AB250}.Release|Any CPU.ActiveCfg = Release|Any CPU
		{2EDA8F19-6561-4834-84DE-2C77BE5AB250}.Release|Any CPU.Build.0 = Release|Any CPU
		{35AAB188-D01F-46AC-8800-BCF3E6D2D8BD}.Debug|Any CPU.ActiveCfg = Debug|Any CPU
		{35AAB188-D01F-46AC-8800-BCF3E6D2D8BD}.Debug|Any CPU.Build.0 = Debug|Any CPU
		{35AAB188-D01F-46AC-8800-BCF3E6D2D8BD}.Release|Any CPU.ActiveCfg = Release|Any CPU
		{35AAB188-D01F-46AC-8800-BCF3E6D2D8BD}.Release|Any CPU.Build.0 = Release|Any CPU
		{6B84B34C-889E-4281-8246-BD26273FEF55}.Debug|Any CPU.ActiveCfg = Debug|Any CPU
		{6B84B34C-889E-4281-8246-BD26273FEF55}.Debug|Any CPU.Build.0 = Debug|Any CPU
		{6B84B34C-889E-4281-8246-BD26273FEF55}.Release|Any CPU.ActiveCfg = Release|Any CPU
		{6B84B34C-889E-4281-8246-BD26273FEF55}.Release|Any CPU.Build.0 = Release|Any CPU
		{F0B6FB24-A88B-425B-9DAF-7A9E22BC0804}.Debug|Any CPU.ActiveCfg = Debug|Any CPU
		{F0B6FB24-A88B-425B-9DAF-7A9E22BC0804}.Debug|Any CPU.Build.0 = Debug|Any CPU
		{F0B6FB24-A88B-425B-9DAF-7A9E22BC0804}.Release|Any CPU.ActiveCfg = Release|Any CPU
		{F0B6FB24-A88B-425B-9DAF-7A9E22BC0804}.Release|Any CPU.Build.0 = Release|Any CPU
		{6E7B3112-1B88-494D-A8F0-807F1DD13E50}.Debug|Any CPU.ActiveCfg = Debug|Any CPU
		{6E7B3112-1B88-494D-A8F0-807F1DD13E50}.Debug|Any CPU.Build.0 = Debug|Any CPU
		{6E7B3112-1B88-494D-A8F0-807F1DD13E50}.Release|Any CPU.ActiveCfg = Release|Any CPU
		{6E7B3112-1B88-494D-A8F0-807F1DD13E50}.Release|Any CPU.Build.0 = Release|Any CPU
		{C8F3482D-76B7-444E-A7FD-FE5ABFD8DFC0}.Debug|Any CPU.ActiveCfg = Debug|Any CPU
		{C8F3482D-76B7-444E-A7FD-FE5ABFD8DFC0}.Debug|Any CPU.Build.0 = Debug|Any CPU
		{C8F3482D-76B7-444E-A7FD-FE5ABFD8DFC0}.Release|Any CPU.ActiveCfg = Release|Any CPU
		{C8F3482D-76B7-444E-A7FD-FE5ABFD8DFC0}.Release|Any CPU.Build.0 = Release|Any CPU
	EndGlobalSection
	GlobalSection(SolutionProperties) = preSolution
		HideSolutionNode = FALSE
	EndGlobalSection
	GlobalSection(NestedProjects) = preSolution
		{81E13CEE-E674-43AE-9F38-A65DEC4EAA75} = {01C1B850-CB35-4D5B-A46A-97B37D7DB743}
		{883B8B78-9C4E-434C-96C4-7DB09A0B279F} = {01C1B850-CB35-4D5B-A46A-97B37D7DB743}
		{08BF546B-FAB8-4086-A0AC-76BD114F46F3} = {01C1B850-CB35-4D5B-A46A-97B37D7DB743}
		{2EDA8F19-6561-4834-84DE-2C77BE5AB250} = {F5DD4E70-DC66-4688-9FE8-31115C48817E}
		{35AAB188-D01F-46AC-8800-BCF3E6D2D8BD} = {F5DD4E70-DC66-4688-9FE8-31115C48817E}
		{6B84B34C-889E-4281-8246-BD26273FEF55} = {01C1B850-CB35-4D5B-A46A-97B37D7DB743}
		{F0B6FB24-A88B-425B-9DAF-7A9E22BC0804} = {B584AB18-5B78-42F7-A9E1-1661444AD3AA}
		{6E7B3112-1B88-494D-A8F0-807F1DD13E50} = {01C1B850-CB35-4D5B-A46A-97B37D7DB743}
		{3E6F079D-4E2F-4B17-974D-B51B74840286} = {41624BDC-022E-4D70-8D5A-B3EEE1DF6B6E}
		{C1C3A8F0-6A5B-4C34-8EDD-F95AF27F6287} = {3E6F079D-4E2F-4B17-974D-B51B74840286}
		{A53FDEF4-FE69-41B1-8808-2C1EE41C4AEE} = {3E6F079D-4E2F-4B17-974D-B51B74840286}
		{C8F3482D-76B7-444E-A7FD-FE5ABFD8DFC0} = {01C1B850-CB35-4D5B-A46A-97B37D7DB743}
	EndGlobalSection
EndGlobal
